{
    "_readme": [
        "This file locks the dependencies of your project to a known state",
        "Read more about it at http://getcomposer.org/doc/01-basic-usage.md#composer-lock-the-lock-file",
        "This file is @generated automatically"
    ],
    "hash": "4a3a67120329d1ed644380ab241b1a14",
    "packages": [
        {
            "name": "clover/worker",
            "version": "dev-master",
            "source": {
                "type": "git",
                "url": "https://github.com/hiroy/clover-worker.git",
                "reference": "aedf069067703edf7f896dd1b59baf25b1cb9d8b"
            },
            "dist": {
                "type": "zip",
                "url": "https://api.github.com/repos/hiroy/clover-worker/zipball/aedf069067703edf7f896dd1b59baf25b1cb9d8b",
                "reference": "aedf069067703edf7f896dd1b59baf25b1cb9d8b",
                "shasum": ""
            },
            "require": {
                "ext-pcntl": "*",
                "php": ">=5.4",
                "travail/parallel-prefork": "0.1.*"
            },
            "type": "library",
            "extra": {
                "branch-alias": {
                    "dev-master": "1.0-dev"
                }
            },
            "autoload": {
                "psr-0": {
                    "Clover": "src/"
                }
            },
            "notification-url": "https://packagist.org/downloads/",
            "license": [
                "BSD-3-Clause"
            ],
            "authors": [
                {
                    "name": "Hiroyuki Yamaoka",
                    "email": "yamaoka@10mado.jp"
                }
            ],
            "description": "Class for worker implementation",
            "homepage": "https://github.com/hiroy/clover-worker",
            "time": "2015-02-20 05:04:26"
        },
        {
            "name": "travail/parallel-prefork",
            "version": "v0.1.0",
            "source": {
                "type": "git",
                "url": "https://github.com/travail/php-Parallel-Prefork.git",
                "reference": "dc6f1e5aede9cdba2089e3c0636c19432ce62782"
            },
            "dist": {
                "type": "zip",
                "url": "https://api.github.com/repos/travail/php-Parallel-Prefork/zipball/dc6f1e5aede9cdba2089e3c0636c19432ce62782",
                "reference": "dc6f1e5aede9cdba2089e3c0636c19432ce62782",
                "shasum": ""
            },
            "require": {
                "ext-pcntl": "*",
                "ext-posix": "*",
                "php": ">=5.3"
            },
            "require-dev": {
                "phpunit/phpunit": "3.7.*"
            },
            "type": "library",
            "autoload": {
                "psr-4": {
                    "Parallel\\": "lib"
                }
            },
            "notification-url": "https://packagist.org/downloads/",
            "license": [
                "PHP-3.0"
            ],
            "description": "A simple prefork server framework",
            "time": "2014-05-01 04:30:26"
        }
    ],
    "packages-dev": [],
    "aliases": [],
    "minimum-stability": "stable",
    "stability-flags": {
        "clover/worker": 20
    },
    "prefer-stable": false,
    "prefer-lowest": false,
    "platform": {
        "php": "~5.5.0",
        "ext-pcntl": "*"
    },
    "platform-dev": []
}
